// !$*UTF8*$!
{
	archiveVersion = 1;
	classes = {
	};
	objectVersion = 56;
	objects = {

/* Begin PBXBuildFile section */
		13326D5529CAF4610051C364 /* AppDelegate.swift in Sources */ = {isa = PBXBuildFile; fileRef = 13326D5429CAF4610051C364 /* AppDelegate.swift */; };
		13326D5729CAF4610051C364 /* SceneDelegate.swift in Sources */ = {isa = PBXBuildFile; fileRef = 13326D5629CAF4610051C364 /* SceneDelegate.swift */; };
		13326D5929CAF4610051C364 /* WelcomeViewController.swift in Sources */ = {isa = PBXBuildFile; fileRef = 13326D5829CAF4610051C364 /* WelcomeViewController.swift */; };
		13326D5C29CAF4610051C364 /* Main.storyboard in Resources */ = {isa = PBXBuildFile; fileRef = 13326D5A29CAF4610051C364 /* Main.storyboard */; };
		13326D5E29CAF4620051C364 /* Assets.xcassets in Resources */ = {isa = PBXBuildFile; fileRef = 13326D5D29CAF4620051C364 /* Assets.xcassets */; };
		13326D6129CAF4620051C364 /* LaunchScreen.storyboard in Resources */ = {isa = PBXBuildFile; fileRef = 13326D5F29CAF4620051C364 /* LaunchScreen.storyboard */; };
		13326D6C29CAF7700051C364 /* LoginViewController.swift in Sources */ = {isa = PBXBuildFile; fileRef = 13326D6B29CAF7700051C364 /* LoginViewController.swift */; };
		13326D6E29CAF7A00051C364 /* RegistrationViewController.swift in Sources */ = {isa = PBXBuildFile; fileRef = 13326D6D29CAF7A00051C364 /* RegistrationViewController.swift */; };
		13326D7029CAF7AC0051C364 /* ChatViewController.swift in Sources */ = {isa = PBXBuildFile; fileRef = 13326D6F29CAF7AC0051C364 /* ChatViewController.swift */; };
		1347A2D529F02E4E00ECBADF /* GoogleService-Info.plist in Resources */ = {isa = PBXBuildFile; fileRef = 1347A2D429F02E4E00ECBADF /* GoogleService-Info.plist */; };
		1363D8A829F3E1EF00D4D2B6 /* Constants.swift in Sources */ = {isa = PBXBuildFile; fileRef = 1363D8A729F3E1EF00D4D2B6 /* Constants.swift */; };
		1363D8AA29F3F15C00D4D2B6 /* Message.swift in Sources */ = {isa = PBXBuildFile; fileRef = 1363D8A929F3F15C00D4D2B6 /* Message.swift */; };
		C201579B9E9D48EC0B70AF12 /* Pods_Flash_Chat.framework in Frameworks */ = {isa = PBXBuildFile; fileRef = CD96016970AD9706CA7A5643 /* Pods_Flash_Chat.framework */; };
/* End PBXBuildFile section */

/* Begin PBXFileReference section */
		04D6E03334E2447D0D0A2848 /* Pods-Flash Chat.debug.xcconfig */ = {isa = PBXFileReference; includeInIndex = 1; lastKnownFileType = text.xcconfig; name = "Pods-Flash Chat.debug.xcconfig"; path = "Target Support Files/Pods-Flash Chat/Pods-Flash Chat.debug.xcconfig"; sourceTree = "<group>"; };
		13326D5129CAF4610051C364 /* Flash Chat.app */ = {isa = PBXFileReference; explicitFileType = wrapper.application; includeInIndex = 0; path = "Flash Chat.app"; sourceTree = BUILT_PRODUCTS_DIR; };
		13326D5429CAF4610051C364 /* AppDelegate.swift */ = {isa = PBXFileReference; lastKnownFileType = sourcecode.swift; path = AppDelegate.swift; sourceTree = "<group>"; };
		13326D5629CAF4610051C364 /* SceneDelegate.swift */ = {isa = PBXFileReference; lastKnownFileType = sourcecode.swift; path = SceneDelegate.swift; sourceTree = "<group>"; };
		13326D5829CAF4610051C364 /* WelcomeViewController.swift */ = {isa = PBXFileReference; lastKnownFileType = sourcecode.swift; path = WelcomeViewController.swift; sourceTree = "<group>"; };
		13326D5B29CAF4610051C364 /* Base */ = {isa = PBXFileReference; lastKnownFileType = file.storyboard; name = Base; path = Base.lproj/Main.storyboard; sourceTree = "<group>"; };
		13326D5D29CAF4620051C364 /* Assets.xcassets */ = {isa = PBXFileReference; lastKnownFileType = folder.assetcatalog; path = Assets.xcassets; sourceTree = "<group>"; };
		13326D6029CAF4620051C364 /* Base */ = {isa = PBXFileReference; lastKnownFileType = file.storyboard; name = Base; path = Base.lproj/LaunchScreen.storyboard; sourceTree = "<group>"; };
		13326D6229CAF4620051C364 /* Info.plist */ = {isa = PBXFileReference; lastKnownFileType = text.plist.xml; path = Info.plist; sourceTree = "<group>"; };
		13326D6B29CAF7700051C364 /* LoginViewController.swift */ = {isa = PBXFileReference; lastKnownFileType = sourcecode.swift; path = LoginViewController.swift; sourceTree = "<group>"; };
		13326D6D29CAF7A00051C364 /* RegistrationViewController.swift */ = {isa = PBXFileReference; lastKnownFileType = sourcecode.swift; path = RegistrationViewController.swift; sourceTree = "<group>"; };
		13326D6F29CAF7AC0051C364 /* ChatViewController.swift */ = {isa = PBXFileReference; lastKnownFileType = sourcecode.swift; path = ChatViewController.swift; sourceTree = "<group>"; };
		1347A2D429F02E4E00ECBADF /* GoogleService-Info.plist */ = {isa = PBXFileReference; fileEncoding = 4; lastKnownFileType = text.plist.xml; name = "GoogleService-Info.plist"; path = "../../../Downloads/GoogleService-Info.plist"; sourceTree = "<group>"; };
		1363D8A729F3E1EF00D4D2B6 /* Constants.swift */ = {isa = PBXFileReference; lastKnownFileType = sourcecode.swift; path = Constants.swift; sourceTree = "<group>"; };
		1363D8A929F3F15C00D4D2B6 /* Message.swift */ = {isa = PBXFileReference; lastKnownFileType = sourcecode.swift; name = Message.swift; path = "Flash Chat/Message.swift"; sourceTree = SOURCE_ROOT; };
		7EC3068416CB98CA4B3582E3 /* Pods-Flash Chat.release.xcconfig */ = {isa = PBXFileReference; includeInIndex = 1; lastKnownFileType = text.xcconfig; name = "Pods-Flash Chat.release.xcconfig"; path = "Target Support Files/Pods-Flash Chat/Pods-Flash Chat.release.xcconfig"; sourceTree = "<group>"; };
		CD96016970AD9706CA7A5643 /* Pods_Flash_Chat.framework */ = {isa = PBXFileReference; explicitFileType = wrapper.framework; includeInIndex = 0; path = Pods_Flash_Chat.framework; sourceTree = BUILT_PRODUCTS_DIR; };
/* End PBXFileReference section */

/* Begin PBXFrameworksBuildPhase section */
		13326D4E29CAF4610051C364 /* Frameworks */ = {
			isa = PBXFrameworksBuildPhase;
			buildActionMask = 2147483647;
			files = (
				C201579B9E9D48EC0B70AF12 /* Pods_Flash_Chat.framework in Frameworks */,
			);
			runOnlyForDeploymentPostprocessing = 0;
		};
/* End PBXFrameworksBuildPhase section */

/* Begin PBXGroup section */
		13326D4829CAF4610051C364 = {
			isa = PBXGroup;
			children = (
				13326D5329CAF4610051C364 /* Flash Chat */,
				13326D5229CAF4610051C364 /* Products */,
				FB2A9B3255DFA7D386A9481D /* Pods */,
				3AE25ED1F3DFD3B4C3996B61 /* Frameworks */,
			);
			sourceTree = "<group>";
		};
		13326D5229CAF4610051C364 /* Products */ = {
			isa = PBXGroup;
			children = (
				13326D5129CAF4610051C364 /* Flash Chat.app */,
			);
			name = Products;
			sourceTree = "<group>";
		};
		13326D5329CAF4610051C364 /* Flash Chat */ = {
			isa = PBXGroup;
			children = (
				13326D5429CAF4610051C364 /* AppDelegate.swift */,
				13326D5629CAF4610051C364 /* SceneDelegate.swift */,
				13326D5D29CAF4620051C364 /* Assets.xcassets */,
				13326D5F29CAF4620051C364 /* LaunchScreen.storyboard */,
				13326D6229CAF4620051C364 /* Info.plist */,
				1347A2D429F02E4E00ECBADF /* GoogleService-Info.plist */,
				1363D8A729F3E1EF00D4D2B6 /* Constants.swift */,
				13326D6829CAF5680051C364 /* Model */,
				13326D6929CAF5810051C364 /* View */,
				13326D6A29CAF5880051C364 /* Controller */,
			);
			path = "Flash Chat";
			sourceTree = "<group>";
		};
		13326D6829CAF5680051C364 /* Model */ = {
			isa = PBXGroup;
			children = (
				1363D8A929F3F15C00D4D2B6 /* Message.swift */,
			);
			path = Model;
			sourceTree = "<group>";
		};
		13326D6929CAF5810051C364 /* View */ = {
			isa = PBXGroup;
			children = (
				13326D5A29CAF4610051C364 /* Main.storyboard */,
			);
			path = View;
			sourceTree = "<group>";
		};
		13326D6A29CAF5880051C364 /* Controller */ = {
			isa = PBXGroup;
			children = (
				13326D5829CAF4610051C364 /* WelcomeViewController.swift */,
				13326D6B29CAF7700051C364 /* LoginViewController.swift */,
				13326D6D29CAF7A00051C364 /* RegistrationViewController.swift */,
				13326D6F29CAF7AC0051C364 /* ChatViewController.swift */,
			);
			path = Controller;
			sourceTree = "<group>";
		};
		3AE25ED1F3DFD3B4C3996B61 /* Frameworks */ = {
			isa = PBXGroup;
			children = (
				CD96016970AD9706CA7A5643 /* Pods_Flash_Chat.framework */,
			);
			name = Frameworks;
			sourceTree = "<group>";
		};
		FB2A9B3255DFA7D386A9481D /* Pods */ = {
			isa = PBXGroup;
			children = (
				04D6E03334E2447D0D0A2848 /* Pods-Flash Chat.debug.xcconfig */,
				7EC3068416CB98CA4B3582E3 /* Pods-Flash Chat.release.xcconfig */,
			);
			path = Pods;
			sourceTree = "<group>";
		};
/* End PBXGroup section */

/* Begin PBXNativeTarget section */
		13326D5029CAF4610051C364 /* Flash Chat */ = {
			isa = PBXNativeTarget;
			buildConfigurationList = 13326D6529CAF4620051C364 /* Build configuration list for PBXNativeTarget "Flash Chat" */;
			buildPhases = (
				15A902E03B31EAD542F9A4C4 /* [CP] Check Pods Manifest.lock */,
				13326D4D29CAF4610051C364 /* Sources */,
				13326D4E29CAF4610051C364 /* Frameworks */,
				13326D4F29CAF4610051C364 /* Resources */,
				591774B39567A8762D62CFF7 /* [CP] Embed Pods Frameworks */,
			);
			buildRules = (
			);
			dependencies = (
			);
			name = "Flash Chat";
			productName = "Flash Chat";
			productReference = 13326D5129CAF4610051C364 /* Flash Chat.app */;
			productType = "com.apple.product-type.application";
		};
/* End PBXNativeTarget section */

/* Begin PBXProject section */
		13326D4929CAF4610051C364 /* Project object */ = {
			isa = PBXProject;
			attributes = {
				BuildIndependentTargetsInParallel = 1;
				LastSwiftUpdateCheck = 1420;
				LastUpgradeCheck = 1420;
				TargetAttributes = {
					13326D5029CAF4610051C364 = {
						CreatedOnToolsVersion = 14.2;
					};
				};
			};
			buildConfigurationList = 13326D4C29CAF4610051C364 /* Build configuration list for PBXProject "Flash Chat" */;
			compatibilityVersion = "Xcode 14.0";
			developmentRegion = en;
			hasScannedForEncodings = 0;
			knownRegions = (
				en,
				Base,
			);
			mainGroup = 13326D4829CAF4610051C364;
			productRefGroup = 13326D5229CAF4610051C364 /* Products */;
			projectDirPath = "";
			projectRoot = "";
			targets = (
				13326D5029CAF4610051C364 /* Flash Chat */,
			);
		};
/* End PBXProject section */

/* Begin PBXResourcesBuildPhase section */
		13326D4F29CAF4610051C364 /* Resources */ = {
			isa = PBXResourcesBuildPhase;
			buildActionMask = 2147483647;
			files = (
				13326D6129CAF4620051C364 /* LaunchScreen.storyboard in Resources */,
				1347A2D529F02E4E00ECBADF /* GoogleService-Info.plist in Resources */,
				13326D5E29CAF4620051C364 /* Assets.xcassets in Resources */,
				13326D5C29CAF4610051C364 /* Main.storyboard in Resources */,
			);
			runOnlyForDeploymentPostprocessing = 0;
		};
/* End PBXResourcesBuildPhase section */

/* Begin PBXShellScriptBuildPhase section */
		15A902E03B31EAD542F9A4C4 /* [CP] Check Pods Manifest.lock */ = {
			isa = PBXShellScriptBuildPhase;
			buildActionMask = 2147483647;
			files = (
			);
			inputFileListPaths = (
			);
			inputPaths = (
				"${PODS_PODFILE_DIR_PATH}/Podfile.lock",
				"${PODS_ROOT}/Manifest.lock",
			);
			name = "[CP] Check Pods Manifest.lock";
			outputFileListPaths = (
			);
			outputPaths = (
				"$(DERIVED_FILE_DIR)/Pods-Flash Chat-checkManifestLockResult.txt",
			);
			runOnlyForDeploymentPostprocessing = 0;
			shellPath = /bin/sh;
			shellScript = "diff \"${PODS_PODFILE_DIR_PATH}/Podfile.lock\" \"${PODS_ROOT}/Manifest.lock\" > /dev/null\nif [ $? != 0 ] ; then\n    # print error to STDERR\n    echo \"error: The sandbox is not in sync with the Podfile.lock. Run 'pod install' or update your CocoaPods installation.\" >&2\n    exit 1\nfi\n# This output is used by Xcode 'outputs' to avoid re-running this script phase.\necho \"SUCCESS\" > \"${SCRIPT_OUTPUT_FILE_0}\"\n";
			showEnvVarsInLog = 0;
		};
		591774B39567A8762D62CFF7 /* [CP] Embed Pods Frameworks */ = {
			isa = PBXShellScriptBuildPhase;
			buildActionMask = 2147483647;
			files = (
			);
			inputFileListPaths = (
				"${PODS_ROOT}/Target Support Files/Pods-Flash Chat/Pods-Flash Chat-frameworks-${CONFIGURATION}-input-files.xcfilelist",
			);
			name = "[CP] Embed Pods Frameworks";
			outputFileListPaths = (
				"${PODS_ROOT}/Target Support Files/Pods-Flash Chat/Pods-Flash Chat-frameworks-${CONFIGURATION}-output-files.xcfilelist",
			);
			runOnlyForDeploymentPostprocessing = 0;
			shellPath = /bin/sh;
			shellScript = "\"${PODS_ROOT}/Target Support Files/Pods-Flash Chat/Pods-Flash Chat-frameworks.sh\"\n";
			showEnvVarsInLog = 0;
		};
/* End PBXShellScriptBuildPhase section */

/* Begin PBXSourcesBuildPhase section */
		13326D4D29CAF4610051C364 /* Sources */ = {
			isa = PBXSourcesBuildPhase;
			buildActionMask = 2147483647;
			files = (
				13326D5929CAF4610051C364 /* WelcomeViewController.swift in Sources */,
				13326D6C29CAF7700051C364 /* LoginViewController.swift in Sources */,
				13326D5529CAF4610051C364 /* AppDelegate.swift in Sources */,
				13326D5729CAF4610051C364 /* SceneDelegate.swift in Sources */,
				1363D8A829F3E1EF00D4D2B6 /* Constants.swift in Sources */,
				1363D8AA29F3F15C00D4D2B6 /* Message.swift in Sources */,
				13326D7029CAF7AC0051C364 /* ChatViewController.swift in Sources */,
				13326D6E29CAF7A00051C364 /* RegistrationViewController.swift in Sources */,
			);
			runOnlyForDeploymentPostprocessing = 0;
		};
/* End PBXSourcesBuildPhase section */

/* Begin PBXVariantGroup section */
		13326D5A29CAF4610051C364 /* Main.storyboard */ = {
			isa = PBXVariantGroup;
			children = (
				13326D5B29CAF4610051C364 /* Base */,
			);
			name = Main.storyboard;
			sourceTree = "<group>";
		};
		13326D5F29CAF4620051C364 /* LaunchScreen.storyboard */ = {
			isa = PBXVariantGroup;
			children = (
				13326D6029CAF4620051C364 /* Base */,
			);
			name = LaunchScreen.storyboard;
			sourceTree = "<group>";
		};
/* End PBXVariantGroup section */

/* Begin XCBuildConfiguration section */
		13326D6329CAF4620051C364 /* Debug */ = {
			isa = XCBuildConfiguration;
			buildSettings = {
				ALWAYS_SEARCH_USER_PATHS = NO;
				CLANG_ANALYZER_NONNULL = YES;
				CLANG_ANALYZER_NUMBER_OBJECT_CONVERSION = YES_AGGRESSIVE;
				CLANG_CXX_LANGUAGE_STANDARD = "gnu++20";
				CLANG_ENABLE_MODULES = YES;
				CLANG_ENABLE_OBJC_ARC = YES;
				CLANG_ENABLE_OBJC_WEAK = YES;
				CLANG_WARN_BLOCK_CAPTURE_AUTORELEASING = YES;
				CLANG_WARN_BOOL_CONVERSION = YES;
				CLANG_WARN_COMMA = YES;
				CLANG_WARN_CONSTANT_CONVERSION = YES;
				CLANG_WARN_DEPRECATED_OBJC_IMPLEMENTATIONS = YES;
				CLANG_WARN_DIRECT_OBJC_ISA_USAGE = YES_ERROR;
				CLANG_WARN_DOCUMENTATION_COMMENTS = YES;
				CLANG_WARN_EMPTY_BODY = YES;
				CLANG_WARN_ENUM_CONVERSION = YES;
				CLANG_WARN_INFINITE_RECURSION = YES;
				CLANG_WARN_INT_CONVERSION = YES;
				CLANG_WARN_NON_LITERAL_NULL_CONVERSION = YES;
				CLANG_WARN_OBJC_IMPLICIT_RETAIN_SELF = YES;
				CLANG_WARN_OBJC_LITERAL_CONVERSION = YES;
				CLANG_WARN_OBJC_ROOT_CLASS = YES_ERROR;
				CLANG_WARN_QUOTED_INCLUDE_IN_FRAMEWORK_HEADER = YES;
				CLANG_WARN_RANGE_LOOP_ANALYSIS = YES;
				CLANG_WARN_STRICT_PROTOTYPES = YES;
				CLANG_WARN_SUSPICIOUS_MOVE = YES;
				CLANG_WARN_UNGUARDED_AVAILABILITY = YES_AGGRESSIVE;
				CLANG_WARN_UNREACHABLE_CODE = YES;
				CLANG_WARN__DUPLICATE_METHOD_MATCH = YES;
				COPY_PHASE_STRIP = NO;
				DEBUG_INFORMATION_FORMAT = dwarf;
				ENABLE_STRICT_OBJC_MSGSEND = YES;
				ENABLE_TESTABILITY = YES;
				GCC_C_LANGUAGE_STANDARD = gnu11;
				GCC_DYNAMIC_NO_PIC = NO;
				GCC_NO_COMMON_BLOCKS = YES;
				GCC_OPTIMIZATION_LEVEL = 0;
				GCC_PREPROCESSOR_DEFINITIONS = (
					"DEBUG=1",
					"$(inherited)",
				);
				GCC_WARN_64_TO_32_BIT_CONVERSION = YES;
				GCC_WARN_ABOUT_RETURN_TYPE = YES_ERROR;
				GCC_WARN_UNDECLARED_SELECTOR = YES;
				GCC_WARN_UNINITIALIZED_AUTOS = YES_AGGRESSIVE;
				GCC_WARN_UNUSED_FUNCTION = YES;
				GCC_WARN_UNUSED_VARIABLE = YES;
				IPHONEOS_DEPLOYMENT_TARGET = 16.2;
				MTL_ENABLE_DEBUG_INFO = INCLUDE_SOURCE;
				MTL_FAST_MATH = YES;
				ONLY_ACTIVE_ARCH = YES;
				SDKROOT = iphoneos;
				SWIFT_ACTIVE_COMPILATION_CONDITIONS = DEBUG;
				SWIFT_OPTIMIZATION_LEVEL = "-Onone";
			};
			name = Debug;
		};
		13326D6429CAF4620051C364 /* Release */ = {
			isa = XCBuildConfiguration;
			buildSettings = {
				ALWAYS_SEARCH_USER_PATHS = NO;
				CLANG_ANALYZER_NONNULL = YES;
				CLANG_ANALYZER_NUMBER_OBJECT_CONVERSION = YES_AGGRESSIVE;
				CLANG_CXX_LANGUAGE_STANDARD = "gnu++20";
				CLANG_ENABLE_MODULES = YES;
				CLANG_ENABLE_OBJC_ARC = YES;
				CLANG_ENABLE_OBJC_WEAK = YES;
				CLANG_WARN_BLOCK_CAPTURE_AUTORELEASING = YES;
				CLANG_WARN_BOOL_CONVERSION = YES;
				CLANG_WARN_COMMA = YES;
				CLANG_WARN_CONSTANT_CONVERSION = YES;
				CLANG_WARN_DEPRECATED_OBJC_IMPLEMENTATIONS = YES;
				CLANG_WARN_DIRECT_OBJC_ISA_USAGE = YES_ERROR;
				CLANG_WARN_DOCUMENTATION_COMMENTS = YES;
				CLANG_WARN_EMPTY_BODY = YES;
				CLANG_WARN_ENUM_CONVERSION = YES;
				CLANG_WARN_INFINITE_RECURSION = YES;
				CLANG_WARN_INT_CONVERSION = YES;
				CLANG_WARN_NON_LITERAL_NULL_CONVERSION = YES;
				CLANG_WARN_OBJC_IMPLICIT_RETAIN_SELF = YES;
				CLANG_WARN_OBJC_LITERAL_CONVERSION = YES;
				CLANG_WARN_OBJC_ROOT_CLASS = YES_ERROR;
				CLANG_WARN_QUOTED_INCLUDE_IN_FRAMEWORK_HEADER = YES;
				CLANG_WARN_RANGE_LOOP_ANALYSIS = YES;
				CLANG_WARN_STRICT_PROTOTYPES = YES;
				CLANG_WARN_SUSPICIOUS_MOVE = YES;
				CLANG_WARN_UNGUARDED_AVAILABILITY = YES_AGGRESSIVE;
				CLANG_WARN_UNREACHABLE_CODE = YES;
				CLANG_WARN__DUPLICATE_METHOD_MATCH = YES;
				COPY_PHASE_STRIP = NO;
				DEBUG_INFORMATION_FORMAT = "dwarf-with-dsym";
				ENABLE_NS_ASSERTIONS = NO;
				ENABLE_STRICT_OBJC_MSGSEND = YES;
				GCC_C_LANGUAGE_STANDARD = gnu11;
				GCC_NO_COMMON_BLOCKS = YES;
				GCC_WARN_64_TO_32_BIT_CONVERSION = YES;
				GCC_WARN_ABOUT_RETURN_TYPE = YES_ERROR;
				GCC_WARN_UNDECLARED_SELECTOR = YES;
				GCC_WARN_UNINITIALIZED_AUTOS = YES_AGGRESSIVE;
				GCC_WARN_UNUSED_FUNCTION = YES;
				GCC_WARN_UNUSED_VARIABLE = YES;
				IPHONEOS_DEPLOYMENT_TARGET = 16.2;
				MTL_ENABLE_DEBUG_INFO = NO;
				MTL_FAST_MATH = YES;
				SDKROOT = iphoneos;
				SWIFT_COMPILATION_MODE = wholemodule;
				SWIFT_OPTIMIZATION_LEVEL = "-O";
				VALIDATE_PRODUCT = YES;
			};
			name = Release;
		};
		13326D6629CAF4620051C364 /* Debug */ = {
			isa = XCBuildConfiguration;
			baseConfigurationReference = 04D6E03334E2447D0D0A2848 /* Pods-Flash Chat.debug.xcconfig */;
			buildSettings = {
				ASSETCATALOG_COMPILER_APPICON_NAME = AppIcon;
				ASSETCATALOG_COMPILER_GLOBAL_ACCENT_COLOR_NAME = AccentColor;
				CODE_SIGN_STYLE = Automatic;
				CURRENT_PROJECT_VERSION = 1;
				DEVELOPMENT_TEAM = 5VUSYM8NB7;
				GENERATE_INFOPLIST_FILE = YES;
				INFOPLIST_FILE = "Flash Chat/Info.plist";
				INFOPLIST_KEY_UIApplicationSupportsIndirectInputEvents = YES;
				INFOPLIST_KEY_UILaunchStoryboardName = LaunchScreen;
				INFOPLIST_KEY_UIMainStoryboardFile = Main;
				INFOPLIST_KEY_UISupportedInterfaceOrientations_iPad = "UIInterfaceOrientationPortrait UIInterfaceOrientationPortraitUpsideDown UIInterfaceOrientationLandscapeLeft UIInterfaceOrientationLandscapeRight";
				INFOPLIST_KEY_UISupportedInterfaceOrientations_iPhone = "UIInterfaceOrientationPortrait UIInterfaceOrientationLandscapeLeft UIInterfaceOrientationLandscapeRight";
				LD_RUNPATH_SEARCH_PATHS = (
					"$(inherited)",
					"@executable_path/Frameworks",
				);
				MARKETING_VERSION = 1.0;
				PRODUCT_BUNDLE_IDENTIFIER = "sivertsev1995-icloud.com.Flash-Chat";
				PRODUCT_NAME = "$(TARGET_NAME)";
				SWIFT_EMIT_LOC_STRINGS = YES;
				SWIFT_VERSION = 5.0;
				TARGETED_DEVICE_FAMILY = "1,2";
			};
			name = Debug;
		};
		13326D6729CAF4620051C364 /* Release */ = {
			isa = XCBuildConfiguration;
			baseConfigurationReference = 7EC3068416CB98CA4B3582E3 /* Pods-Flash Chat.release.xcconfig */;
			buildSettings = {
				ASSETCATALOG_COMPILER_APPICON_NAME = AppIcon;
				ASSETCATALOG_COMPILER_GLOBAL_ACCENT_COLOR_NAME = AccentColor;
				CODE_SIGN_STYLE = Automatic;
				CURRENT_PROJECT_VERSION = 1;
				DEVELOPMENT_TEAM = 5VUSYM8NB7;
				GENERATE_INFOPLIST_FILE = YES;
				INFOPLIST_FILE = "Flash Chat/Info.plist";
				INFOPLIST_KEY_UIApplicationSupportsIndirectInputEvents = YES;
				INFOPLIST_KEY_UILaunchStoryboardName = LaunchScreen;
				INFOPLIST_KEY_UIMainStoryboardFile = Main;
				INFOPLIST_KEY_UISupportedInterfaceOrientations_iPad = "UIInterfaceOrientationPortrait UIInterfaceOrientationPortraitUpsideDown UIInterfaceOrientationLandscapeLeft UIInterfaceOrientationLandscapeRight";
				INFOPLIST_KEY_UISupportedInterfaceOrientations_iPhone = "UIInterfaceOrientationPortrait UIInterfaceOrientationLandscapeLeft UIInterfaceOrientationLandscapeRight";
				LD_RUNPATH_SEARCH_PATHS = (
					"$(inherited)",
					"@executable_path/Frameworks",
				);
				MARKETING_VERSION = 1.0;
				PRODUCT_BUNDLE_IDENTIFIER = "sivertsev1995-icloud.com.Flash-Chat";
				PRODUCT_NAME = "$(TARGET_NAME)";
				SWIFT_EMIT_LOC_STRINGS = YES;
				SWIFT_VERSION = 5.0;
				TARGETED_DEVICE_FAMILY = "1,2";
			};
			name = Release;
		};
/* End XCBuildConfiguration section */

/* Begin XCConfigurationList section */
		13326D4C29CAF4610051C364 /* Build configuration list for PBXProject "Flash Chat" */ = {
			isa = XCConfigurationList;
			buildConfigurations = (
				13326D6329CAF4620051C364 /* Debug */,
				13326D6429CAF4620051C364 /* Release */,
			);
			defaultConfigurationIsVisible = 0;
			defaultConfigurationName = Release;
		};
		13326D6529CAF4620051C364 /* Build configuration list for PBXNativeTarget "Flash Chat" */ = {
			isa = XCConfigurationList;
			buildConfigurations = (
				13326D6629CAF4620051C364 /* Debug */,
				13326D6729CAF4620051C364 /* Release */,
			);
			defaultConfigurationIsVisible = 0;
			defaultConfigurationName = Release;
		};
/* End XCConfigurationList section */
	};
	rootObject = 13326D4929CAF4610051C364 /* Project object */;
}
